PODS:
  - BrandButton (1.0.5)

DEPENDENCIES:
  - BrandButton (from `https://github.com/kmamaev/TrivagoCaseStudy.git`)

EXTERNAL SOURCES:
  BrandButton:
    :git: https://github.com/kmamaev/TrivagoCaseStudy.git

CHECKOUT OPTIONS:
  BrandButton:
    :commit: 16b772b04d786cf38c49e0c841be32666fa44fe9
    :git: https://github.com/kmamaev/TrivagoCaseStudy.git

SPEC CHECKSUMS:
  BrandButton: 33086197e3827ef51ec3bfaa079dee03c58376ed

PODFILE CHECKSUM: 15b9ce1d21cc2bf23b7005906fc534fa4b45b123

COCOAPODS: 1.11.3
