// !$*UTF8*$!
{
	archiveVersion = 1;
	classes = {
	};
	objectVersion = 56;
	objects = {

/* Begin PBXBuildFile section */
		9A42C4035A9D1FF809DCD5A4 /* Pods_TrivagoCaseStudy_TrivagoCaseStudyUITests.framework in Frameworks */ = {isa = PBXBuildFile; fileRef = 60C364E9B1EAC3F03A0EF8BE /* Pods_TrivagoCaseStudy_TrivagoCaseStudyUITests.framework */; };
		C15B219C38F50AD26601A163 /* Pods_TrivagoCaseStudyTests.framework in Frameworks */ = {isa = PBXBuildFile; fileRef = CCDF69FBD53FABE942AAE8B7 /* Pods_TrivagoCaseStudyTests.framework */; };
		DF9AC6F4A248747D06926808 /* Pods_TrivagoCaseStudy.framework in Frameworks */ = {isa = PBXBuildFile; fileRef = 7465F17BF25FCF76BF794B61 /* Pods_TrivagoCaseStudy.framework */; };
		EC802EA52B8CAB4D00D8AE2A /* BrandButtonWithCodeViewController.swift in Sources */ = {isa = PBXBuildFile; fileRef = EC802EA42B8CAB4D00D8AE2A /* BrandButtonWithCodeViewController.swift */; };
		EC802EA72B8CB1F500D8AE2A /* BrandButtonWithSwiftUIView.swift in Sources */ = {isa = PBXBuildFile; fileRef = EC802EA62B8CB1F500D8AE2A /* BrandButtonWithSwiftUIView.swift */; };
		ECBC5A3F2B8B7F4A00709413 /* AppDelegate.swift in Sources */ = {isa = PBXBuildFile; fileRef = ECBC5A3E2B8B7F4A00709413 /* AppDelegate.swift */; };
		ECBC5A412B8B7F4A00709413 /* SceneDelegate.swift in Sources */ = {isa = PBXBuildFile; fileRef = ECBC5A402B8B7F4A00709413 /* SceneDelegate.swift */; };
		ECBC5A432B8B7F4A00709413 /* ButtonExampleViewController.swift in Sources */ = {isa = PBXBuildFile; fileRef = ECBC5A422B8B7F4A00709413 /* ButtonExampleViewController.swift */; };
		ECBC5A462B8B7F4A00709413 /* Main.storyboard in Resources */ = {isa = PBXBuildFile; fileRef = ECBC5A442B8B7F4A00709413 /* Main.storyboard */; };
		ECBC5A482B8B7F4B00709413 /* Assets.xcassets in Resources */ = {isa = PBXBuildFile; fileRef = ECBC5A472B8B7F4B00709413 /* Assets.xcassets */; };
		ECBC5A4B2B8B7F4B00709413 /* LaunchScreen.storyboard in Resources */ = {isa = PBXBuildFile; fileRef = ECBC5A492B8B7F4B00709413 /* LaunchScreen.storyboard */; };
		ECBC5A562B8B7F4B00709413 /* TrivagoCaseStudyTests.swift in Sources */ = {isa = PBXBuildFile; fileRef = ECBC5A552B8B7F4B00709413 /* TrivagoCaseStudyTests.swift */; };
		ECBC5A602B8B7F4B00709413 /* TrivagoCaseStudyUITests.swift in Sources */ = {isa = PBXBuildFile; fileRef = ECBC5A5F2B8B7F4B00709413 /* TrivagoCaseStudyUITests.swift */; };
		ECBC5A622B8B7F4B00709413 /* TrivagoCaseStudyUITestsLaunchTests.swift in Sources */ = {isa = PBXBuildFile; fileRef = ECBC5A612B8B7F4B00709413 /* TrivagoCaseStudyUITestsLaunchTests.swift */; };
		ECBC5A8B2B8C91C600709413 /* ExampleChooserViewController.swift in Sources */ = {isa = PBXBuildFile; fileRef = ECBC5A8A2B8C91C600709413 /* ExampleChooserViewController.swift */; };
		ECBC5A8D2B8C958700709413 /* BrandButtonWithStoryboardViewController.swift in Sources */ = {isa = PBXBuildFile; fileRef = ECBC5A8C2B8C958700709413 /* BrandButtonWithStoryboardViewController.swift */; };
/* End PBXBuildFile section */

/* Begin PBXContainerItemProxy section */
		ECBC5A522B8B7F4B00709413 /* PBXContainerItemProxy */ = {
			isa = PBXContainerItemProxy;
			containerPortal = ECBC5A332B8B7F4A00709413 /* Project object */;
			proxyType = 1;
			remoteGlobalIDString = ECBC5A3A2B8B7F4A00709413;
			remoteInfo = TrivagoCaseStudy;
		};
		ECBC5A5C2B8B7F4B00709413 /* PBXContainerItemProxy */ = {
			isa = PBXContainerItemProxy;
			containerPortal = ECBC5A332B8B7F4A00709413 /* Project object */;
			proxyType = 1;
			remoteGlobalIDString = ECBC5A3A2B8B7F4A00709413;
			remoteInfo = TrivagoCaseStudy;
		};
/* End PBXContainerItemProxy section */

/* Begin PBXFileReference section */
		4376D97468BA4F7B4CCAA88F /* Pods-TrivagoCaseStudyTests.release.xcconfig */ = {isa = PBXFileReference; includeInIndex = 1; lastKnownFileType = text.xcconfig; name = "Pods-TrivagoCaseStudyTests.release.xcconfig"; path = "Target Support Files/Pods-TrivagoCaseStudyTests/Pods-TrivagoCaseStudyTests.release.xcconfig"; sourceTree = "<group>"; };
		60C364E9B1EAC3F03A0EF8BE /* Pods_TrivagoCaseStudy_TrivagoCaseStudyUITests.framework */ = {isa = PBXFileReference; explicitFileType = wrapper.framework; includeInIndex = 0; path = Pods_TrivagoCaseStudy_TrivagoCaseStudyUITests.framework; sourceTree = BUILT_PRODUCTS_DIR; };
		6742AC479963C7B9E51001EB /* Pods-TrivagoCaseStudy.release.xcconfig */ = {isa = PBXFileReference; includeInIndex = 1; lastKnownFileType = text.xcconfig; name = "Pods-TrivagoCaseStudy.release.xcconfig"; path = "Target Support Files/Pods-TrivagoCaseStudy/Pods-TrivagoCaseStudy.release.xcconfig"; sourceTree = "<group>"; };
		7465F17BF25FCF76BF794B61 /* Pods_TrivagoCaseStudy.framework */ = {isa = PBXFileReference; explicitFileType = wrapper.framework; includeInIndex = 0; path = Pods_TrivagoCaseStudy.framework; sourceTree = BUILT_PRODUCTS_DIR; };
		8DA91D4D0E45346D79A8DB16 /* Pods-TrivagoCaseStudy-TrivagoCaseStudyUITests.release.xcconfig */ = {isa = PBXFileReference; includeInIndex = 1; lastKnownFileType = text.xcconfig; name = "Pods-TrivagoCaseStudy-TrivagoCaseStudyUITests.release.xcconfig"; path = "Target Support Files/Pods-TrivagoCaseStudy-TrivagoCaseStudyUITests/Pods-TrivagoCaseStudy-TrivagoCaseStudyUITests.release.xcconfig"; sourceTree = "<group>"; };
		9CFFB9C4D5C42B721406C90A /* Pods-TrivagoCaseStudy.debug.xcconfig */ = {isa = PBXFileReference; includeInIndex = 1; lastKnownFileType = text.xcconfig; name = "Pods-TrivagoCaseStudy.debug.xcconfig"; path = "Target Support Files/Pods-TrivagoCaseStudy/Pods-TrivagoCaseStudy.debug.xcconfig"; sourceTree = "<group>"; };
		9F3B33C2C0D750C3A9F345B6 /* Pods-TrivagoCaseStudy-TrivagoCaseStudyUITests.debug.xcconfig */ = {isa = PBXFileReference; includeInIndex = 1; lastKnownFileType = text.xcconfig; name = "Pods-TrivagoCaseStudy-TrivagoCaseStudyUITests.debug.xcconfig"; path = "Target Support Files/Pods-TrivagoCaseStudy-TrivagoCaseStudyUITests/Pods-TrivagoCaseStudy-TrivagoCaseStudyUITests.debug.xcconfig"; sourceTree = "<group>"; };
		CCDF69FBD53FABE942AAE8B7 /* Pods_TrivagoCaseStudyTests.framework */ = {isa = PBXFileReference; explicitFileType = wrapper.framework; includeInIndex = 0; path = Pods_TrivagoCaseStudyTests.framework; sourceTree = BUILT_PRODUCTS_DIR; };
		E50AC58A8A38FD108348FFC4 /* Pods-TrivagoCaseStudyTests.debug.xcconfig */ = {isa = PBXFileReference; includeInIndex = 1; lastKnownFileType = text.xcconfig; name = "Pods-TrivagoCaseStudyTests.debug.xcconfig"; path = "Target Support Files/Pods-TrivagoCaseStudyTests/Pods-TrivagoCaseStudyTests.debug.xcconfig"; sourceTree = "<group>"; };
		EC802EA42B8CAB4D00D8AE2A /* BrandButtonWithCodeViewController.swift */ = {isa = PBXFileReference; lastKnownFileType = sourcecode.swift; path = BrandButtonWithCodeViewController.swift; sourceTree = "<group>"; };
		EC802EA62B8CB1F500D8AE2A /* BrandButtonWithSwiftUIView.swift */ = {isa = PBXFileReference; lastKnownFileType = sourcecode.swift; path = BrandButtonWithSwiftUIView.swift; sourceTree = "<group>"; };
		ECBC5A3B2B8B7F4A00709413 /* TrivagoCaseStudy.app */ = {isa = PBXFileReference; explicitFileType = wrapper.application; includeInIndex = 0; path = TrivagoCaseStudy.app; sourceTree = BUILT_PRODUCTS_DIR; };
		ECBC5A3E2B8B7F4A00709413 /* AppDelegate.swift */ = {isa = PBXFileReference; lastKnownFileType = sourcecode.swift; path = AppDelegate.swift; sourceTree = "<group>"; };
		ECBC5A402B8B7F4A00709413 /* SceneDelegate.swift */ = {isa = PBXFileReference; lastKnownFileType = sourcecode.swift; path = SceneDelegate.swift; sourceTree = "<group>"; };
		ECBC5A422B8B7F4A00709413 /* ButtonExampleViewController.swift */ = {isa = PBXFileReference; lastKnownFileType = sourcecode.swift; path = ButtonExampleViewController.swift; sourceTree = "<group>"; };
		ECBC5A452B8B7F4A00709413 /* Base */ = {isa = PBXFileReference; lastKnownFileType = file.storyboard; name = Base; path = Base.lproj/Main.storyboard; sourceTree = "<group>"; };
		ECBC5A472B8B7F4B00709413 /* Assets.xcassets */ = {isa = PBXFileReference; lastKnownFileType = folder.assetcatalog; path = Assets.xcassets; sourceTree = "<group>"; };
		ECBC5A4A2B8B7F4B00709413 /* Base */ = {isa = PBXFileReference; lastKnownFileType = file.storyboard; name = Base; path = Base.lproj/LaunchScreen.storyboard; sourceTree = "<group>"; };
		ECBC5A4C2B8B7F4B00709413 /* Info.plist */ = {isa = PBXFileReference; lastKnownFileType = text.plist.xml; path = Info.plist; sourceTree = "<group>"; };
		ECBC5A512B8B7F4B00709413 /* TrivagoCaseStudyTests.xctest */ = {isa = PBXFileReference; explicitFileType = wrapper.cfbundle; includeInIndex = 0; path = TrivagoCaseStudyTests.xctest; sourceTree = BUILT_PRODUCTS_DIR; };
		ECBC5A552B8B7F4B00709413 /* TrivagoCaseStudyTests.swift */ = {isa = PBXFileReference; lastKnownFileType = sourcecode.swift; path = TrivagoCaseStudyTests.swift; sourceTree = "<group>"; };
		ECBC5A5B2B8B7F4B00709413 /* TrivagoCaseStudyUITests.xctest */ = {isa = PBXFileReference; explicitFileType = wrapper.cfbundle; includeInIndex = 0; path = TrivagoCaseStudyUITests.xctest; sourceTree = BUILT_PRODUCTS_DIR; };
		ECBC5A5F2B8B7F4B00709413 /* TrivagoCaseStudyUITests.swift */ = {isa = PBXFileReference; lastKnownFileType = sourcecode.swift; path = TrivagoCaseStudyUITests.swift; sourceTree = "<group>"; };
		ECBC5A612B8B7F4B00709413 /* TrivagoCaseStudyUITestsLaunchTests.swift */ = {isa = PBXFileReference; lastKnownFileType = sourcecode.swift; path = TrivagoCaseStudyUITestsLaunchTests.swift; sourceTree = "<group>"; };
		ECBC5A8A2B8C91C600709413 /* ExampleChooserViewController.swift */ = {isa = PBXFileReference; lastKnownFileType = sourcecode.swift; path = ExampleChooserViewController.swift; sourceTree = "<group>"; };
		ECBC5A8C2B8C958700709413 /* BrandButtonWithStoryboardViewController.swift */ = {isa = PBXFileReference; lastKnownFileType = sourcecode.swift; path = BrandButtonWithStoryboardViewController.swift; sourceTree = "<group>"; };
/* End PBXFileReference section */

/* Begin PBXFrameworksBuildPhase section */
		ECBC5A382B8B7F4A00709413 /* Frameworks */ = {
			isa = PBXFrameworksBuildPhase;
			buildActionMask = 2147483647;
			files = (
				DF9AC6F4A248747D06926808 /* Pods_TrivagoCaseStudy.framework in Frameworks */,
			);
			runOnlyForDeploymentPostprocessing = 0;
		};
		ECBC5A4E2B8B7F4B00709413 /* Frameworks */ = {
			isa = PBXFrameworksBuildPhase;
			buildActionMask = 2147483647;
			files = (
				C15B219C38F50AD26601A163 /* Pods_TrivagoCaseStudyTests.framework in Frameworks */,
			);
			runOnlyForDeploymentPostprocessing = 0;
		};
		ECBC5A582B8B7F4B00709413 /* Frameworks */ = {
			isa = PBXFrameworksBuildPhase;
			buildActionMask = 2147483647;
			files = (
				9A42C4035A9D1FF809DCD5A4 /* Pods_TrivagoCaseStudy_TrivagoCaseStudyUITests.framework in Frameworks */,
			);
			runOnlyForDeploymentPostprocessing = 0;
		};
/* End PBXFrameworksBuildPhase section */

/* Begin PBXGroup section */
		5F51FD894E6AC01540459B96 /* Pods */ = {
			isa = PBXGroup;
			children = (
				9CFFB9C4D5C42B721406C90A /* Pods-TrivagoCaseStudy.debug.xcconfig */,
				6742AC479963C7B9E51001EB /* Pods-TrivagoCaseStudy.release.xcconfig */,
				9F3B33C2C0D750C3A9F345B6 /* Pods-TrivagoCaseStudy-TrivagoCaseStudyUITests.debug.xcconfig */,
				8DA91D4D0E45346D79A8DB16 /* Pods-TrivagoCaseStudy-TrivagoCaseStudyUITests.release.xcconfig */,
				E50AC58A8A38FD108348FFC4 /* Pods-TrivagoCaseStudyTests.debug.xcconfig */,
				4376D97468BA4F7B4CCAA88F /* Pods-TrivagoCaseStudyTests.release.xcconfig */,
			);
			path = Pods;
			sourceTree = "<group>";
		};
		7B7B1101E9DBDD72046C49D8 /* Frameworks */ = {
			isa = PBXGroup;
			children = (
				7465F17BF25FCF76BF794B61 /* Pods_TrivagoCaseStudy.framework */,
				60C364E9B1EAC3F03A0EF8BE /* Pods_TrivagoCaseStudy_TrivagoCaseStudyUITests.framework */,
				CCDF69FBD53FABE942AAE8B7 /* Pods_TrivagoCaseStudyTests.framework */,
			);
			name = Frameworks;
			sourceTree = "<group>";
		};
		ECBC5A322B8B7F4A00709413 = {
			isa = PBXGroup;
			children = (
				ECBC5A3D2B8B7F4A00709413 /* TrivagoCaseStudy */,
				ECBC5A542B8B7F4B00709413 /* TrivagoCaseStudyTests */,
				ECBC5A5E2B8B7F4B00709413 /* TrivagoCaseStudyUITests */,
				ECBC5A3C2B8B7F4A00709413 /* Products */,
				5F51FD894E6AC01540459B96 /* Pods */,
				7B7B1101E9DBDD72046C49D8 /* Frameworks */,
			);
			sourceTree = "<group>";
		};
		ECBC5A3C2B8B7F4A00709413 /* Products */ = {
			isa = PBXGroup;
			children = (
				ECBC5A3B2B8B7F4A00709413 /* TrivagoCaseStudy.app */,
				ECBC5A512B8B7F4B00709413 /* TrivagoCaseStudyTests.xctest */,
				ECBC5A5B2B8B7F4B00709413 /* TrivagoCaseStudyUITests.xctest */,
			);
			name = Products;
			sourceTree = "<group>";
		};
		ECBC5A3D2B8B7F4A00709413 /* TrivagoCaseStudy */ = {
			isa = PBXGroup;
			children = (
				ECBC5A3E2B8B7F4A00709413 /* AppDelegate.swift */,
				ECBC5A402B8B7F4A00709413 /* SceneDelegate.swift */,
				ECBC5A6E2B8B804700709413 /* ViewControllers */,
				ECBC5A6F2B8B804E00709413 /* Resources */,
				ECBC5A4C2B8B7F4B00709413 /* Info.plist */,
			);
			path = TrivagoCaseStudy;
			sourceTree = "<group>";
		};
		ECBC5A542B8B7F4B00709413 /* TrivagoCaseStudyTests */ = {
			isa = PBXGroup;
			children = (
				ECBC5A552B8B7F4B00709413 /* TrivagoCaseStudyTests.swift */,
			);
			path = TrivagoCaseStudyTests;
			sourceTree = "<group>";
		};
		ECBC5A5E2B8B7F4B00709413 /* TrivagoCaseStudyUITests */ = {
			isa = PBXGroup;
			children = (
				ECBC5A5F2B8B7F4B00709413 /* TrivagoCaseStudyUITests.swift */,
				ECBC5A612B8B7F4B00709413 /* TrivagoCaseStudyUITestsLaunchTests.swift */,
			);
			path = TrivagoCaseStudyUITests;
			sourceTree = "<group>";
		};
		ECBC5A6E2B8B804700709413 /* ViewControllers */ = {
			isa = PBXGroup;
			children = (
				ECBC5A852B8C902E00709413 /* ExampleChooser */,
				ECBC5A862B8C905400709413 /* BrandButtonVariations */,
				ECBC5A882B8C908B00709413 /* BrandButtonWithCode */,
				ECBC5A872B8C907600709413 /* BrandButtonWithStoryboard */,
				ECBC5A892B8C911A00709413 /* BrandButtonWithSwiftUI */,
				ECBC5A442B8B7F4A00709413 /* Main.storyboard */,
			);
			path = ViewControllers;
			sourceTree = "<group>";
		};
		ECBC5A6F2B8B804E00709413 /* Resources */ = {
			isa = PBXGroup;
			children = (
				ECBC5A492B8B7F4B00709413 /* LaunchScreen.storyboard */,
				ECBC5A472B8B7F4B00709413 /* Assets.xcassets */,
			);
			path = Resources;
			sourceTree = "<group>";
		};
		ECBC5A852B8C902E00709413 /* ExampleChooser */ = {
			isa = PBXGroup;
			children = (
				ECBC5A8A2B8C91C600709413 /* ExampleChooserViewController.swift */,
			);
			path = ExampleChooser;
			sourceTree = "<group>";
		};
		ECBC5A862B8C905400709413 /* BrandButtonVariations */ = {
			isa = PBXGroup;
			children = (
				ECBC5A422B8B7F4A00709413 /* ButtonExampleViewController.swift */,
			);
			path = BrandButtonVariations;
			sourceTree = "<group>";
		};
		ECBC5A872B8C907600709413 /* BrandButtonWithStoryboard */ = {
			isa = PBXGroup;
			children = (
				ECBC5A8C2B8C958700709413 /* BrandButtonWithStoryboardViewController.swift */,
			);
			path = BrandButtonWithStoryboard;
			sourceTree = "<group>";
		};
		ECBC5A882B8C908B00709413 /* BrandButtonWithCode */ = {
			isa = PBXGroup;
			children = (
				EC802EA42B8CAB4D00D8AE2A /* BrandButtonWithCodeViewController.swift */,
			);
			path = BrandButtonWithCode;
			sourceTree = "<group>";
		};
		ECBC5A892B8C911A00709413 /* BrandButtonWithSwiftUI */ = {
			isa = PBXGroup;
			children = (
				EC802EA62B8CB1F500D8AE2A /* BrandButtonWithSwiftUIView.swift */,
			);
			path = BrandButtonWithSwiftUI;
			sourceTree = "<group>";
		};
/* End PBXGroup section */

/* Begin PBXNativeTarget section */
		ECBC5A3A2B8B7F4A00709413 /* TrivagoCaseStudy */ = {
			isa = PBXNativeTarget;
			buildConfigurationList = ECBC5A652B8B7F4B00709413 /* Build configuration list for PBXNativeTarget "TrivagoCaseStudy" */;
			buildPhases = (
				D8D6A58A298AD8CEBBBA0DE0 /* [CP] Check Pods Manifest.lock */,
				ECBC5A372B8B7F4A00709413 /* Sources */,
				ECBC5A382B8B7F4A00709413 /* Frameworks */,
				ECBC5A392B8B7F4A00709413 /* Resources */,
				B64AB772CF1860C4F896795E /* [CP] Embed Pods Frameworks */,
			);
			buildRules = (
			);
			dependencies = (
			);
			name = TrivagoCaseStudy;
			productName = TrivagoCaseStudy;
			productReference = ECBC5A3B2B8B7F4A00709413 /* TrivagoCaseStudy.app */;
			productType = "com.apple.product-type.application";
		};
		ECBC5A502B8B7F4B00709413 /* TrivagoCaseStudyTests */ = {
			isa = PBXNativeTarget;
			buildConfigurationList = ECBC5A682B8B7F4B00709413 /* Build configuration list for PBXNativeTarget "TrivagoCaseStudyTests" */;
			buildPhases = (
				78952C30F430ED674AAA2D14 /* [CP] Check Pods Manifest.lock */,
				ECBC5A4D2B8B7F4B00709413 /* Sources */,
				ECBC5A4E2B8B7F4B00709413 /* Frameworks */,
				ECBC5A4F2B8B7F4B00709413 /* Resources */,
			);
			buildRules = (
			);
			dependencies = (
				ECBC5A532B8B7F4B00709413 /* PBXTargetDependency */,
			);
			name = TrivagoCaseStudyTests;
			productName = TrivagoCaseStudyTests;
			productReference = ECBC5A512B8B7F4B00709413 /* TrivagoCaseStudyTests.xctest */;
			productType = "com.apple.product-type.bundle.unit-test";
		};
		ECBC5A5A2B8B7F4B00709413 /* TrivagoCaseStudyUITests */ = {
			isa = PBXNativeTarget;
			buildConfigurationList = ECBC5A6B2B8B7F4B00709413 /* Build configuration list for PBXNativeTarget "TrivagoCaseStudyUITests" */;
			buildPhases = (
				61A81D707891F46231C7A713 /* [CP] Check Pods Manifest.lock */,
				ECBC5A572B8B7F4B00709413 /* Sources */,
				ECBC5A582B8B7F4B00709413 /* Frameworks */,
				ECBC5A592B8B7F4B00709413 /* Resources */,
				67EEB4BED1D1297E296D6305 /* [CP] Embed Pods Frameworks */,
			);
			buildRules = (
			);
			dependencies = (
				ECBC5A5D2B8B7F4B00709413 /* PBXTargetDependency */,
			);
			name = TrivagoCaseStudyUITests;
			productName = TrivagoCaseStudyUITests;
			productReference = ECBC5A5B2B8B7F4B00709413 /* TrivagoCaseStudyUITests.xctest */;
			productType = "com.apple.product-type.bundle.ui-testing";
		};
/* End PBXNativeTarget section */

/* Begin PBXProject section */
		ECBC5A332B8B7F4A00709413 /* Project object */ = {
			isa = PBXProject;
			attributes = {
				BuildIndependentTargetsInParallel = 1;
				LastSwiftUpdateCheck = 1500;
				LastUpgradeCheck = 1500;
				TargetAttributes = {
					ECBC5A3A2B8B7F4A00709413 = {
						CreatedOnToolsVersion = 15.0.1;
					};
					ECBC5A502B8B7F4B00709413 = {
						CreatedOnToolsVersion = 15.0.1;
						TestTargetID = ECBC5A3A2B8B7F4A00709413;
					};
					ECBC5A5A2B8B7F4B00709413 = {
						CreatedOnToolsVersion = 15.0.1;
						TestTargetID = ECBC5A3A2B8B7F4A00709413;
					};
				};
			};
			buildConfigurationList = ECBC5A362B8B7F4A00709413 /* Build configuration list for PBXProject "TrivagoCaseStudy" */;
			compatibilityVersion = "Xcode 14.0";
			developmentRegion = en;
			hasScannedForEncodings = 0;
			knownRegions = (
				en,
				Base,
			);
			mainGroup = ECBC5A322B8B7F4A00709413;
			productRefGroup = ECBC5A3C2B8B7F4A00709413 /* Products */;
			projectDirPath = "";
			projectRoot = "";
			targets = (
				ECBC5A3A2B8B7F4A00709413 /* TrivagoCaseStudy */,
				ECBC5A502B8B7F4B00709413 /* TrivagoCaseStudyTests */,
				ECBC5A5A2B8B7F4B00709413 /* TrivagoCaseStudyUITests */,
			);
		};
/* End PBXProject section */

/* Begin PBXResourcesBuildPhase section */
		ECBC5A392B8B7F4A00709413 /* Resources */ = {
			isa = PBXResourcesBuildPhase;
			buildActionMask = 2147483647;
			files = (
				ECBC5A4B2B8B7F4B00709413 /* LaunchScreen.storyboard in Resources */,
				ECBC5A482B8B7F4B00709413 /* Assets.xcassets in Resources */,
				ECBC5A462B8B7F4A00709413 /* Main.storyboard in Resources */,
			);
			runOnlyForDeploymentPostprocessing = 0;
		};
		ECBC5A4F2B8B7F4B00709413 /* Resources */ = {
			isa = PBXResourcesBuildPhase;
			buildActionMask = 2147483647;
			files = (
			);
			runOnlyForDeploymentPostprocessing = 0;
		};
		ECBC5A592B8B7F4B00709413 /* Resources */ = {
			isa = PBXResourcesBuildPhase;
			buildActionMask = 2147483647;
			files = (
			);
			runOnlyForDeploymentPostprocessing = 0;
		};
/* End PBXResourcesBuildPhase section */

/* Begin PBXShellScriptBuildPhase section */
		61A81D707891F46231C7A713 /* [CP] Check Pods Manifest.lock */ = {
			isa = PBXShellScriptBuildPhase;
			buildActionMask = 2147483647;
			files = (
			);
			inputFileListPaths = (
			);
			inputPaths = (
				"${PODS_PODFILE_DIR_PATH}/Podfile.lock",
				"${PODS_ROOT}/Manifest.lock",
			);
			name = "[CP] Check Pods Manifest.lock";
			outputFileListPaths = (
			);
			outputPaths = (
				"$(DERIVED_FILE_DIR)/Pods-TrivagoCaseStudy-TrivagoCaseStudyUITests-checkManifestLockResult.txt",
			);
			runOnlyForDeploymentPostprocessing = 0;
			shellPath = /bin/sh;
			shellScript = "diff \"${PODS_PODFILE_DIR_PATH}/Podfile.lock\" \"${PODS_ROOT}/Manifest.lock\" > /dev/null\nif [ $? != 0 ] ; then\n    # print error to STDERR\n    echo \"error: The sandbox is not in sync with the Podfile.lock. Run 'pod install' or update your CocoaPods installation.\" >&2\n    exit 1\nfi\n# This output is used by Xcode 'outputs' to avoid re-running this script phase.\necho \"SUCCESS\" > \"${SCRIPT_OUTPUT_FILE_0}\"\n";
			showEnvVarsInLog = 0;
		};
		67EEB4BED1D1297E296D6305 /* [CP] Embed Pods Frameworks */ = {
			isa = PBXShellScriptBuildPhase;
			buildActionMask = 2147483647;
			files = (
			);
			inputFileListPaths = (
				"${PODS_ROOT}/Target Support Files/Pods-TrivagoCaseStudy-TrivagoCaseStudyUITests/Pods-TrivagoCaseStudy-TrivagoCaseStudyUITests-frameworks-${CONFIGURATION}-input-files.xcfilelist",
			);
			name = "[CP] Embed Pods Frameworks";
			outputFileListPaths = (
				"${PODS_ROOT}/Target Support Files/Pods-TrivagoCaseStudy-TrivagoCaseStudyUITests/Pods-TrivagoCaseStudy-TrivagoCaseStudyUITests-frameworks-${CONFIGURATION}-output-files.xcfilelist",
			);
			runOnlyForDeploymentPostprocessing = 0;
			shellPath = /bin/sh;
			shellScript = "\"${PODS_ROOT}/Target Support Files/Pods-TrivagoCaseStudy-TrivagoCaseStudyUITests/Pods-TrivagoCaseStudy-TrivagoCaseStudyUITests-frameworks.sh\"\n";
			showEnvVarsInLog = 0;
		};
		78952C30F430ED674AAA2D14 /* [CP] Check Pods Manifest.lock */ = {
			isa = PBXShellScriptBuildPhase;
			buildActionMask = 2147483647;
			files = (
			);
			inputFileListPaths = (
			);
			inputPaths = (
				"${PODS_PODFILE_DIR_PATH}/Podfile.lock",
				"${PODS_ROOT}/Manifest.lock",
			);
			name = "[CP] Check Pods Manifest.lock";
			outputFileListPaths = (
			);
			outputPaths = (
				"$(DERIVED_FILE_DIR)/Pods-TrivagoCaseStudyTests-checkManifestLockResult.txt",
			);
			runOnlyForDeploymentPostprocessing = 0;
			shellPath = /bin/sh;
			shellScript = "diff \"${PODS_PODFILE_DIR_PATH}/Podfile.lock\" \"${PODS_ROOT}/Manifest.lock\" > /dev/null\nif [ $? != 0 ] ; then\n    # print error to STDERR\n    echo \"error: The sandbox is not in sync with the Podfile.lock. Run 'pod install' or update your CocoaPods installation.\" >&2\n    exit 1\nfi\n# This output is used by Xcode 'outputs' to avoid re-running this script phase.\necho \"SUCCESS\" > \"${SCRIPT_OUTPUT_FILE_0}\"\n";
			showEnvVarsInLog = 0;
		};
		B64AB772CF1860C4F896795E /* [CP] Embed Pods Frameworks */ = {
			isa = PBXShellScriptBuildPhase;
			buildActionMask = 2147483647;
			files = (
			);
			inputFileListPaths = (
				"${PODS_ROOT}/Target Support Files/Pods-TrivagoCaseStudy/Pods-TrivagoCaseStudy-frameworks-${CONFIGURATION}-input-files.xcfilelist",
			);
			name = "[CP] Embed Pods Frameworks";
			outputFileListPaths = (
				"${PODS_ROOT}/Target Support Files/Pods-TrivagoCaseStudy/Pods-TrivagoCaseStudy-frameworks-${CONFIGURATION}-output-files.xcfilelist",
			);
			runOnlyForDeploymentPostprocessing = 0;
			shellPath = /bin/sh;
			shellScript = "\"${PODS_ROOT}/Target Support Files/Pods-TrivagoCaseStudy/Pods-TrivagoCaseStudy-frameworks.sh\"\n";
			showEnvVarsInLog = 0;
		};
		D8D6A58A298AD8CEBBBA0DE0 /* [CP] Check Pods Manifest.lock */ = {
			isa = PBXShellScriptBuildPhase;
			buildActionMask = 2147483647;
			files = (
			);
			inputFileListPaths = (
			);
			inputPaths = (
				"${PODS_PODFILE_DIR_PATH}/Podfile.lock",
				"${PODS_ROOT}/Manifest.lock",
			);
			name = "[CP] Check Pods Manifest.lock";
			outputFileListPaths = (
			);
			outputPaths = (
				"$(DERIVED_FILE_DIR)/Pods-TrivagoCaseStudy-checkManifestLockResult.txt",
			);
			runOnlyForDeploymentPostprocessing = 0;
			shellPath = /bin/sh;
			shellScript = "diff \"${PODS_PODFILE_DIR_PATH}/Podfile.lock\" \"${PODS_ROOT}/Manifest.lock\" > /dev/null\nif [ $? != 0 ] ; then\n    # print error to STDERR\n    echo \"error: The sandbox is not in sync with the Podfile.lock. Run 'pod install' or update your CocoaPods installation.\" >&2\n    exit 1\nfi\n# This output is used by Xcode 'outputs' to avoid re-running this script phase.\necho \"SUCCESS\" > \"${SCRIPT_OUTPUT_FILE_0}\"\n";
			showEnvVarsInLog = 0;
		};
/* End PBXShellScriptBuildPhase section */

/* Begin PBXSourcesBuildPhase section */
		ECBC5A372B8B7F4A00709413 /* Sources */ = {
			isa = PBXSourcesBuildPhase;
			buildActionMask = 2147483647;
			files = (
				ECBC5A432B8B7F4A00709413 /* ButtonExampleViewController.swift in Sources */,
				ECBC5A8D2B8C958700709413 /* BrandButtonWithStoryboardViewController.swift in Sources */,
				ECBC5A8B2B8C91C600709413 /* ExampleChooserViewController.swift in Sources */,
				EC802EA72B8CB1F500D8AE2A /* BrandButtonWithSwiftUIView.swift in Sources */,
				EC802EA52B8CAB4D00D8AE2A /* BrandButtonWithCodeViewController.swift in Sources */,
				ECBC5A3F2B8B7F4A00709413 /* AppDelegate.swift in Sources */,
				ECBC5A412B8B7F4A00709413 /* SceneDelegate.swift in Sources */,
			);
			runOnlyForDeploymentPostprocessing = 0;
		};
		ECBC5A4D2B8B7F4B00709413 /* Sources */ = {
			isa = PBXSourcesBuildPhase;
			buildActionMask = 2147483647;
			files = (
				ECBC5A562B8B7F4B00709413 /* TrivagoCaseStudyTests.swift in Sources */,
			);
			runOnlyForDeploymentPostprocessing = 0;
		};
		ECBC5A572B8B7F4B00709413 /* Sources */ = {
			isa = PBXSourcesBuildPhase;
			buildActionMask = 2147483647;
			files = (
				ECBC5A602B8B7F4B00709413 /* TrivagoCaseStudyUITests.swift in Sources */,
				ECBC5A622B8B7F4B00709413 /* TrivagoCaseStudyUITestsLaunchTests.swift in Sources */,
			);
			runOnlyForDeploymentPostprocessing = 0;
		};
/* End PBXSourcesBuildPhase section */

/* Begin PBXTargetDependency section */
		ECBC5A532B8B7F4B00709413 /* PBXTargetDependency */ = {
			isa = PBXTargetDependency;
			target = ECBC5A3A2B8B7F4A00709413 /* TrivagoCaseStudy */;
			targetProxy = ECBC5A522B8B7F4B00709413 /* PBXContainerItemProxy */;
		};
		ECBC5A5D2B8B7F4B00709413 /* PBXTargetDependency */ = {
			isa = PBXTargetDependency;
			target = ECBC5A3A2B8B7F4A00709413 /* TrivagoCaseStudy */;
			targetProxy = ECBC5A5C2B8B7F4B00709413 /* PBXContainerItemProxy */;
		};
/* End PBXTargetDependency section */

/* Begin PBXVariantGroup section */
		ECBC5A442B8B7F4A00709413 /* Main.storyboard */ = {
			isa = PBXVariantGroup;
			children = (
				ECBC5A452B8B7F4A00709413 /* Base */,
			);
			name = Main.storyboard;
			sourceTree = "<group>";
		};
		ECBC5A492B8B7F4B00709413 /* LaunchScreen.storyboard */ = {
			isa = PBXVariantGroup;
			children = (
				ECBC5A4A2B8B7F4B00709413 /* Base */,
			);
			name = LaunchScreen.storyboard;
			sourceTree = "<group>";
		};
/* End PBXVariantGroup section */

/* Begin XCBuildConfiguration section */
		ECBC5A632B8B7F4B00709413 /* Debug */ = {
			isa = XCBuildConfiguration;
			buildSettings = {
				ALWAYS_SEARCH_USER_PATHS = NO;
				ASSETCATALOG_COMPILER_GENERATE_SWIFT_ASSET_SYMBOL_EXTENSIONS = YES;
				CLANG_ANALYZER_NONNULL = YES;
				CLANG_ANALYZER_NUMBER_OBJECT_CONVERSION = YES_AGGRESSIVE;
				CLANG_CXX_LANGUAGE_STANDARD = "gnu++20";
				CLANG_ENABLE_MODULES = YES;
				CLANG_ENABLE_OBJC_ARC = YES;
				CLANG_ENABLE_OBJC_WEAK = YES;
				CLANG_WARN_BLOCK_CAPTURE_AUTORELEASING = YES;
				CLANG_WARN_BOOL_CONVERSION = YES;
				CLANG_WARN_COMMA = YES;
				CLANG_WARN_CONSTANT_CONVERSION = YES;
				CLANG_WARN_DEPRECATED_OBJC_IMPLEMENTATIONS = YES;
				CLANG_WARN_DIRECT_OBJC_ISA_USAGE = YES_ERROR;
				CLANG_WARN_DOCUMENTATION_COMMENTS = YES;
				CLANG_WARN_EMPTY_BODY = YES;
				CLANG_WARN_ENUM_CONVERSION = YES;
				CLANG_WARN_INFINITE_RECURSION = YES;
				CLANG_WARN_INT_CONVERSION = YES;
				CLANG_WARN_NON_LITERAL_NULL_CONVERSION = YES;
				CLANG_WARN_OBJC_IMPLICIT_RETAIN_SELF = YES;
				CLANG_WARN_OBJC_LITERAL_CONVERSION = YES;
				CLANG_WARN_OBJC_ROOT_CLASS = YES_ERROR;
				CLANG_WARN_QUOTED_INCLUDE_IN_FRAMEWORK_HEADER = YES;
				CLANG_WARN_RANGE_LOOP_ANALYSIS = YES;
				CLANG_WARN_STRICT_PROTOTYPES = YES;
				CLANG_WARN_SUSPICIOUS_MOVE = YES;
				CLANG_WARN_UNGUARDED_AVAILABILITY = YES_AGGRESSIVE;
				CLANG_WARN_UNREACHABLE_CODE = YES;
				CLANG_WARN__DUPLICATE_METHOD_MATCH = YES;
				COPY_PHASE_STRIP = NO;
				DEBUG_INFORMATION_FORMAT = dwarf;
				ENABLE_STRICT_OBJC_MSGSEND = YES;
				ENABLE_TESTABILITY = YES;
				ENABLE_USER_SCRIPT_SANDBOXING = YES;
				GCC_C_LANGUAGE_STANDARD = gnu17;
				GCC_DYNAMIC_NO_PIC = NO;
				GCC_NO_COMMON_BLOCKS = YES;
				GCC_OPTIMIZATION_LEVEL = 0;
				GCC_PREPROCESSOR_DEFINITIONS = (
					"DEBUG=1",
					"$(inherited)",
				);
				GCC_WARN_64_TO_32_BIT_CONVERSION = YES;
				GCC_WARN_ABOUT_RETURN_TYPE = YES_ERROR;
				GCC_WARN_UNDECLARED_SELECTOR = YES;
				GCC_WARN_UNINITIALIZED_AUTOS = YES_AGGRESSIVE;
				GCC_WARN_UNUSED_FUNCTION = YES;
				GCC_WARN_UNUSED_VARIABLE = YES;
				IPHONEOS_DEPLOYMENT_TARGET = 17.0;
				LOCALIZATION_PREFERS_STRING_CATALOGS = YES;
				MTL_ENABLE_DEBUG_INFO = INCLUDE_SOURCE;
				MTL_FAST_MATH = YES;
				ONLY_ACTIVE_ARCH = YES;
				SDKROOT = iphoneos;
				SWIFT_ACTIVE_COMPILATION_CONDITIONS = "DEBUG $(inherited)";
				SWIFT_OPTIMIZATION_LEVEL = "-Onone";
			};
			name = Debug;
		};
		ECBC5A642B8B7F4B00709413 /* Release */ = {
			isa = XCBuildConfiguration;
			buildSettings = {
				ALWAYS_SEARCH_USER_PATHS = NO;
				ASSETCATALOG_COMPILER_GENERATE_SWIFT_ASSET_SYMBOL_EXTENSIONS = YES;
				CLANG_ANALYZER_NONNULL = YES;
				CLANG_ANALYZER_NUMBER_OBJECT_CONVERSION = YES_AGGRESSIVE;
				CLANG_CXX_LANGUAGE_STANDARD = "gnu++20";
				CLANG_ENABLE_MODULES = YES;
				CLANG_ENABLE_OBJC_ARC = YES;
				CLANG_ENABLE_OBJC_WEAK = YES;
				CLANG_WARN_BLOCK_CAPTURE_AUTORELEASING = YES;
				CLANG_WARN_BOOL_CONVERSION = YES;
				CLANG_WARN_COMMA = YES;
				CLANG_WARN_CONSTANT_CONVERSION = YES;
				CLANG_WARN_DEPRECATED_OBJC_IMPLEMENTATIONS = YES;
				CLANG_WARN_DIRECT_OBJC_ISA_USAGE = YES_ERROR;
				CLANG_WARN_DOCUMENTATION_COMMENTS = YES;
				CLANG_WARN_EMPTY_BODY = YES;
				CLANG_WARN_ENUM_CONVERSION = YES;
				CLANG_WARN_INFINITE_RECURSION = YES;
				CLANG_WARN_INT_CONVERSION = YES;
				CLANG_WARN_NON_LITERAL_NULL_CONVERSION = YES;
				CLANG_WARN_OBJC_IMPLICIT_RETAIN_SELF = YES;
				CLANG_WARN_OBJC_LITERAL_CONVERSION = YES;
				CLANG_WARN_OBJC_ROOT_CLASS = YES_ERROR;
				CLANG_WARN_QUOTED_INCLUDE_IN_FRAMEWORK_HEADER = YES;
				CLANG_WARN_RANGE_LOOP_ANALYSIS = YES;
				CLANG_WARN_STRICT_PROTOTYPES = YES;
				CLANG_WARN_SUSPICIOUS_MOVE = YES;
				CLANG_WARN_UNGUARDED_AVAILABILITY = YES_AGGRESSIVE;
				CLANG_WARN_UNREACHABLE_CODE = YES;
				CLANG_WARN__DUPLICATE_METHOD_MATCH = YES;
				COPY_PHASE_STRIP = NO;
				DEBUG_INFORMATION_FORMAT = "dwarf-with-dsym";
				ENABLE_NS_ASSERTIONS = NO;
				ENABLE_STRICT_OBJC_MSGSEND = YES;
				ENABLE_USER_SCRIPT_SANDBOXING = YES;
				GCC_C_LANGUAGE_STANDARD = gnu17;
				GCC_NO_COMMON_BLOCKS = YES;
				GCC_WARN_64_TO_32_BIT_CONVERSION = YES;
				GCC_WARN_ABOUT_RETURN_TYPE = YES_ERROR;
				GCC_WARN_UNDECLARED_SELECTOR = YES;
				GCC_WARN_UNINITIALIZED_AUTOS = YES_AGGRESSIVE;
				GCC_WARN_UNUSED_FUNCTION = YES;
				GCC_WARN_UNUSED_VARIABLE = YES;
				IPHONEOS_DEPLOYMENT_TARGET = 17.0;
				LOCALIZATION_PREFERS_STRING_CATALOGS = YES;
				MTL_ENABLE_DEBUG_INFO = NO;
				MTL_FAST_MATH = YES;
				SDKROOT = iphoneos;
				SWIFT_COMPILATION_MODE = wholemodule;
				VALIDATE_PRODUCT = YES;
			};
			name = Release;
		};
		ECBC5A662B8B7F4B00709413 /* Debug */ = {
			isa = XCBuildConfiguration;
			baseConfigurationReference = 9CFFB9C4D5C42B721406C90A /* Pods-TrivagoCaseStudy.debug.xcconfig */;
			buildSettings = {
				ASSETCATALOG_COMPILER_APPICON_NAME = AppIcon;
				ASSETCATALOG_COMPILER_GLOBAL_ACCENT_COLOR_NAME = AccentColor;
				CODE_SIGN_STYLE = Automatic;
				CURRENT_PROJECT_VERSION = 1;
				DEVELOPMENT_TEAM = FM3MQJ6TQT;
				ENABLE_USER_SCRIPT_SANDBOXING = NO;
				GENERATE_INFOPLIST_FILE = YES;
				INFOPLIST_FILE = TrivagoCaseStudy/Info.plist;
				INFOPLIST_KEY_UIApplicationSupportsIndirectInputEvents = YES;
				INFOPLIST_KEY_UILaunchStoryboardName = LaunchScreen;
				INFOPLIST_KEY_UIMainStoryboardFile = Main;
				INFOPLIST_KEY_UISupportedInterfaceOrientations_iPad = "UIInterfaceOrientationPortrait UIInterfaceOrientationPortraitUpsideDown UIInterfaceOrientationLandscapeLeft UIInterfaceOrientationLandscapeRight";
				INFOPLIST_KEY_UISupportedInterfaceOrientations_iPhone = "UIInterfaceOrientationPortrait UIInterfaceOrientationLandscapeLeft UIInterfaceOrientationLandscapeRight";
				LD_RUNPATH_SEARCH_PATHS = (
					"$(inherited)",
					"@executable_path/Frameworks",
				);
				MARKETING_VERSION = 1.0;
				PRODUCT_BUNDLE_IDENTIFIER = plhs.kostya.TrivagoCaseStudy;
				PRODUCT_NAME = "$(TARGET_NAME)";
				SWIFT_EMIT_LOC_STRINGS = YES;
				SWIFT_VERSION = 5.0;
				TARGETED_DEVICE_FAMILY = "1,2";
			};
			name = Debug;
		};
		ECBC5A672B8B7F4B00709413 /* Release */ = {
			isa = XCBuildConfiguration;
			baseConfigurationReference = 6742AC479963C7B9E51001EB /* Pods-TrivagoCaseStudy.release.xcconfig */;
			buildSettings = {
				ASSETCATALOG_COMPILER_APPICON_NAME = AppIcon;
				ASSETCATALOG_COMPILER_GLOBAL_ACCENT_COLOR_NAME = AccentColor;
				CODE_SIGN_STYLE = Automatic;
				CURRENT_PROJECT_VERSION = 1;
				DEVELOPMENT_TEAM = FM3MQJ6TQT;
				ENABLE_USER_SCRIPT_SANDBOXING = NO;
				GENERATE_INFOPLIST_FILE = YES;
				INFOPLIST_FILE = TrivagoCaseStudy/Info.plist;
				INFOPLIST_KEY_UIApplicationSupportsIndirectInputEvents = YES;
				INFOPLIST_KEY_UILaunchStoryboardName = LaunchScreen;
				INFOPLIST_KEY_UIMainStoryboardFile = Main;
				INFOPLIST_KEY_UISupportedInterfaceOrientations_iPad = "UIInterfaceOrientationPortrait UIInterfaceOrientationPortraitUpsideDown UIInterfaceOrientationLandscapeLeft UIInterfaceOrientationLandscapeRight";
				INFOPLIST_KEY_UISupportedInterfaceOrientations_iPhone = "UIInterfaceOrientationPortrait UIInterfaceOrientationLandscapeLeft UIInterfaceOrientationLandscapeRight";
				LD_RUNPATH_SEARCH_PATHS = (
					"$(inherited)",
					"@executable_path/Frameworks",
				);
				MARKETING_VERSION = 1.0;
				PRODUCT_BUNDLE_IDENTIFIER = plhs.kostya.TrivagoCaseStudy;
				PRODUCT_NAME = "$(TARGET_NAME)";
				SWIFT_EMIT_LOC_STRINGS = YES;
				SWIFT_VERSION = 5.0;
				TARGETED_DEVICE_FAMILY = "1,2";
			};
			name = Release;
		};
		ECBC5A692B8B7F4B00709413 /* Debug */ = {
			isa = XCBuildConfiguration;
			baseConfigurationReference = E50AC58A8A38FD108348FFC4 /* Pods-TrivagoCaseStudyTests.debug.xcconfig */;
			buildSettings = {
				ALWAYS_EMBED_SWIFT_STANDARD_LIBRARIES = YES;
				BUNDLE_LOADER = "$(TEST_HOST)";
				CODE_SIGN_STYLE = Automatic;
				CURRENT_PROJECT_VERSION = 1;
				DEVELOPMENT_TEAM = FM3MQJ6TQT;
				GENERATE_INFOPLIST_FILE = YES;
				IPHONEOS_DEPLOYMENT_TARGET = 17.0;
				MARKETING_VERSION = 1.0;
				PRODUCT_BUNDLE_IDENTIFIER = plhs.kostya.TrivagoCaseStudyTests;
				PRODUCT_NAME = "$(TARGET_NAME)";
				SWIFT_EMIT_LOC_STRINGS = NO;
				SWIFT_VERSION = 5.0;
				TARGETED_DEVICE_FAMILY = "1,2";
				TEST_HOST = "$(BUILT_PRODUCTS_DIR)/TrivagoCaseStudy.app/$(BUNDLE_EXECUTABLE_FOLDER_PATH)/TrivagoCaseStudy";
			};
			name = Debug;
		};
		ECBC5A6A2B8B7F4B00709413 /* Release */ = {
			isa = XCBuildConfiguration;
			baseConfigurationReference = 4376D97468BA4F7B4CCAA88F /* Pods-TrivagoCaseStudyTests.release.xcconfig */;
			buildSettings = {
				ALWAYS_EMBED_SWIFT_STANDARD_LIBRARIES = YES;
				BUNDLE_LOADER = "$(TEST_HOST)";
				CODE_SIGN_STYLE = Automatic;
				CURRENT_PROJECT_VERSION = 1;
				DEVELOPMENT_TEAM = FM3MQJ6TQT;
				GENERATE_INFOPLIST_FILE = YES;
				IPHONEOS_DEPLOYMENT_TARGET = 17.0;
				MARKETING_VERSION = 1.0;
				PRODUCT_BUNDLE_IDENTIFIER = plhs.kostya.TrivagoCaseStudyTests;
				PRODUCT_NAME = "$(TARGET_NAME)";
				SWIFT_EMIT_LOC_STRINGS = NO;
				SWIFT_VERSION = 5.0;
				TARGETED_DEVICE_FAMILY = "1,2";
				TEST_HOST = "$(BUILT_PRODUCTS_DIR)/TrivagoCaseStudy.app/$(BUNDLE_EXECUTABLE_FOLDER_PATH)/TrivagoCaseStudy";
			};
			name = Release;
		};
		ECBC5A6C2B8B7F4B00709413 /* Debug */ = {
			isa = XCBuildConfiguration;
			baseConfigurationReference = 9F3B33C2C0D750C3A9F345B6 /* Pods-TrivagoCaseStudy-TrivagoCaseStudyUITests.debug.xcconfig */;
			buildSettings = {
				ALWAYS_EMBED_SWIFT_STANDARD_LIBRARIES = YES;
				CODE_SIGN_STYLE = Automatic;
				CURRENT_PROJECT_VERSION = 1;
				DEVELOPMENT_TEAM = FM3MQJ6TQT;
				GENERATE_INFOPLIST_FILE = YES;
				MARKETING_VERSION = 1.0;
				PRODUCT_BUNDLE_IDENTIFIER = plhs.kostya.TrivagoCaseStudyUITests;
				PRODUCT_NAME = "$(TARGET_NAME)";
				SWIFT_EMIT_LOC_STRINGS = NO;
				SWIFT_VERSION = 5.0;
				TARGETED_DEVICE_FAMILY = "1,2";
				TEST_TARGET_NAME = TrivagoCaseStudy;
			};
			name = Debug;
		};
		ECBC5A6D2B8B7F4B00709413 /* Release */ = {
			isa = XCBuildConfiguration;
			baseConfigurationReference = 8DA91D4D0E45346D79A8DB16 /* Pods-TrivagoCaseStudy-TrivagoCaseStudyUITests.release.xcconfig */;
			buildSettings = {
				ALWAYS_EMBED_SWIFT_STANDARD_LIBRARIES = YES;
				CODE_SIGN_STYLE = Automatic;
				CURRENT_PROJECT_VERSION = 1;
				DEVELOPMENT_TEAM = FM3MQJ6TQT;
				GENERATE_INFOPLIST_FILE = YES;
				MARKETING_VERSION = 1.0;
				PRODUCT_BUNDLE_IDENTIFIER = plhs.kostya.TrivagoCaseStudyUITests;
				PRODUCT_NAME = "$(TARGET_NAME)";
				SWIFT_EMIT_LOC_STRINGS = NO;
				SWIFT_VERSION = 5.0;
				TARGETED_DEVICE_FAMILY = "1,2";
				TEST_TARGET_NAME = TrivagoCaseStudy;
			};
			name = Release;
		};
/* End XCBuildConfiguration section */

/* Begin XCConfigurationList section */
		ECBC5A362B8B7F4A00709413 /* Build configuration list for PBXProject "TrivagoCaseStudy" */ = {
			isa = XCConfigurationList;
			buildConfigurations = (
				ECBC5A632B8B7F4B00709413 /* Debug */,
				ECBC5A642B8B7F4B00709413 /* Release */,
			);
			defaultConfigurationIsVisible = 0;
			defaultConfigurationName = Release;
		};
		ECBC5A652B8B7F4B00709413 /* Build configuration list for PBXNativeTarget "TrivagoCaseStudy" */ = {
			isa = XCConfigurationList;
			buildConfigurations = (
				ECBC5A662B8B7F4B00709413 /* Debug */,
				ECBC5A672B8B7F4B00709413 /* Release */,
			);
			defaultConfigurationIsVisible = 0;
			defaultConfigurationName = Release;
		};
		ECBC5A682B8B7F4B00709413 /* Build configuration list for PBXNativeTarget "TrivagoCaseStudyTests" */ = {
			isa = XCConfigurationList;
			buildConfigurations = (
				ECBC5A692B8B7F4B00709413 /* Debug */,
				ECBC5A6A2B8B7F4B00709413 /* Release */,
			);
			defaultConfigurationIsVisible = 0;
			defaultConfigurationName = Release;
		};
		ECBC5A6B2B8B7F4B00709413 /* Build configuration list for PBXNativeTarget "TrivagoCaseStudyUITests" */ = {
			isa = XCConfigurationList;
			buildConfigurations = (
				ECBC5A6C2B8B7F4B00709413 /* Debug */,
				ECBC5A6D2B8B7F4B00709413 /* Release */,
			);
			defaultConfigurationIsVisible = 0;
			defaultConfigurationName = Release;
		};
/* End XCConfigurationList section */
	};
	rootObject = ECBC5A332B8B7F4A00709413 /* Project object */;
}
